<?xml version="1.0" encoding="utf-8"?>
<Project ToolsVersion="4.0" xmlns="http://schemas.microsoft.com/developer/msbuild/2003">
  <ItemGroup>
    <Filter Include="Source Files">
      <UniqueIdentifier>{4FC737F1-C7A5-4376-A066-2A32D752A2FF}</UniqueIdentifier>
      <Extensions>cpp;cxx;c;def</Extensions>
    </Filter>
    <Filter Include="Header Files">
      <UniqueIdentifier>{93995380-89BD-4b04-88EB-625FBE52EBFB}</UniqueIdentifier>
      <Extensions>h</Extensions>
    </Filter>
    <Filter Include="Form Files">
      <UniqueIdentifier>{99349809-55BA-4b9d-BF79-8FDBB0286EB3}</UniqueIdentifier>
      <Extensions>ui</Extensions>
    </Filter>
    <Filter Include="Generated Files">
      <UniqueIdentifier>{71ED8ED8-ACB9-4CE9-BBE1-E00B30144E11}</UniqueIdentifier>
      <Extensions>moc;h;cpp</Extensions>
      <SourceControlFiles>False</SourceControlFiles>
    </Filter>
    <Filter Include="Generated Files\Debug">
      <UniqueIdentifier>{27eff028-66dc-4389-a529-85cf142f6c97}</UniqueIdentifier>
      <Extensions>cpp;moc</Extensions>
      <SourceControlFiles>False</SourceControlFiles>
    </Filter>
    <Filter Include="Generated Files\Release">
      <UniqueIdentifier>{f88f6397-5eb4-4f3e-ae48-5b14d48d8275}</UniqueIdentifier>
      <Extensions>cpp;moc</Extensions>
      <SourceControlFiles>False</SourceControlFiles>
    </Filter>
    <Filter Include="Resource Files">
      <UniqueIdentifier>{D9D6E242-F8AF-46E4-B9FD-80ECBC20BA3E}</UniqueIdentifier>
      <Extensions>qrc;*</Extensions>
      <ParseFiles>false</ParseFiles>
    </Filter>
  </ItemGroup>
  <ItemGroup>
    <ClCompile Include="main.cpp">
      <Filter>Source Files</Filter>
    </ClCompile>
    <ClCompile Include="TexturePainter.cpp">
      <Filter>Source Files</Filter>
    </ClCompile>
    <ClCompile Include="GeneratedFiles\Debug\moc_TexturePainter.cpp">
      <Filter>Generated Files\Debug</Filter>
    </ClCompile>
    <ClCompile Include="GeneratedFiles\Release\moc_TexturePainter.cpp">
      <Filter>Generated Files\Release</Filter>
    </ClCompile>
    <ClCompile Include="GeneratedFiles\Debug\moc_MeshViewer.cpp">
      <Filter>Generated Files\Debug</Filter>
    </ClCompile>
    <ClCompile Include="GeneratedFiles\Release\moc_MeshViewer.cpp">
      <Filter>Generated Files\Release</Filter>
    </ClCompile>
    <ClCompile Include="MeshViewer.cpp">
      <Filter>Source Files</Filter>
    </ClCompile>
    <ClCompile Include="..\..\auxiliary\image\QTImageLoader.cpp">
      <Filter>Source Files</Filter>
    </ClCompile>
    <ClCompile Include="GeneratedFiles\qrc_QTUI.cpp">
      <Filter>Generated Files</Filter>
    </ClCompile>
  </ItemGroup>
  <ItemGroup>
    <CustomBuild Include="TexturePainter.h">
      <Filter>Header Files</Filter>
    </CustomBuild>
    <CustomBuild Include="TexturePainter.ui">
      <Filter>Form Files</Filter>
    </CustomBuild>
    <CustomBuild Include="MeshViewer.h">
      <Filter>Header Files</Filter>
    </CustomBuild>
    <CustomBuild Include="..\..\auxiliary\QTUI\QTUI.qrc">
      <Filter>Resource Files</Filter>
    </CustomBuild>
  </ItemGroup>
  <ItemGroup>
    <ClInclude Include="GeneratedFiles\ui_TexturePainter.h">
      <Filter>Generated Files</Filter>
    </ClInclude>
    <ClInclude Include="..\..\auxiliary\image\QTImageLoader.h">
      <Filter>Header Files</Filter>
    </ClInclude>
    <ClInclude Include="..\..\auxiliary\image\GeneralImageLoader.h">
      <Filter>Header Files</Filter>
    </ClInclude>
  </ItemGroup>
  <ItemGroup>
    <None Include="..\..\auxiliary\QTUI\Resources\axis.png">
      <Filter>Resource Files</Filter>
    </None>
    <None Include="..\..\auxiliary\QTUI\Resources\brush.png">
      <Filter>Resource Files</Filter>
    </None>
    <None Include="..\..\auxiliary\QTUI\Resources\brush2.png">
      <Filter>Resource Files</Filter>
    </None>
    <None Include="..\..\auxiliary\QTUI\Resources\clipboard46.png">
      <Filter>Resource Files</Filter>
    </None>
    <None Include="..\..\auxiliary\QTUI\Resources\copy12.png">
      <Filter>Resource Files</Filter>
    </None>
    <None Include="..\..\auxiliary\QTUI\Resources\cut.png">
      <Filter>Resource Files</Filter>
    </None>
    <None Include="..\..\auxiliary\QTUI\Resources\document79.png">
      <Filter>Resource Files</Filter>
    </None>
    <None Include="..\..\auxiliary\QTUI\Resources\door13.png">
      <Filter>Resource Files</Filter>
    </None>
    <None Include="..\..\auxiliary\QTUI\Resources\floppy13.png">
      <Filter>Resource Files</Filter>
    </None>
    <None Include="..\..\auxiliary\QTUI\Resources\floppy15.png">
      <Filter>Resource Files</Filter>
    </None>
    <None Include="..\..\auxiliary\QTUI\Resources\garbage4.png">
      <Filter>Resource Files</Filter>
    </None>
    <None Include="..\..\auxiliary\QTUI\Resources\grid.png">
      <Filter>Resource Files</Filter>
    </None>
    <None Include="..\..\auxiliary\QTUI\Resources\magicselection.png">
      <Filter>Resource Files</Filter>
    </None>
    <None Include="..\..\auxiliary\QTUI\Resources\move.png">
      <Filter>Resource Files</Filter>
    </None>
    <None Include="..\..\auxiliary\QTUI\Resources\open127.png">
      <Filter>Resource Files</Filter>
    </None>
    <None Include="..\..\auxiliary\QTUI\Resources\pencil.png">
      <Filter>Resource Files</Filter>
    </None>
    <None Include="..\..\auxiliary\QTUI\Resources\pipette2.png">
      <Filter>Resource Files</Filter>
    </None>
    <None Include="..\..\auxiliary\QTUI\Resources\redo.png">
      <Filter>Resource Files</Filter>
    </None>
    <None Include="..\..\auxiliary\QTUI\Resources\undo.png">
      <Filter>Resource Files</Filter>
    </None>
  </ItemGroup>
</Project>